
Microsoft Visual Studio Solution File, Format Version 12.00
# Visual Studio Version 16
VisualStudioVersion = 16.0.32413.511
MinimumVisualStudioVersion = 10.0.40219.1
Project("{2150E333-8FDC-42A3-9474-1A3956D46DE8}") = "MicroServices", "MicroServices", "{B1FB3B1F-B1C4-4A50-AC0F-E5FBBC5CBE8B}"
EndProject
Project("{2150E333-8FDC-42A3-9474-1A3956D46DE8}") = "Domain", "Domain", "{5262DE3A-01B6-4BD9-A552-AA76F48BFAC7}"
EndProject
Project("{2150E333-8FDC-42A3-9474-1A3956D46DE8}") = "Presentation", "Presentation", "{702ED735-2FA0-46E2-B859-14F86537E2E9}"
EndProject
Project("{2150E333-8FDC-42A3-9474-1A3956D46DE8}") = "Infra.Bus", "Infra.Bus", "{3E55565F-4594-4C81-9F75-A3F7156A90F9}"
EndProject
Project("{2150E333-8FDC-42A3-9474-1A3956D46DE8}") = "Infra.IOC", "Infra.IOC", "{EFC940EB-528F-4EC6-ABEE-263977DF077F}"
EndProject
Project("{9A19103F-16F7-4668-BE54-9A1E7A4F7556}") = "MicroService_RabbitMQ.Domain.Core", "MicroService_RabbitMQ.Domain.Core\MicroService_RabbitMQ.Domain.Core.csproj", "{4F93FAD1-7DEE-4178-94E9-684E8271563A}"
EndProject
Project("{9A19103F-16F7-4668-BE54-9A1E7A4F7556}") = "MicroRabbit.Infra.Bus", "MicroRabbit.Infra.Bus\MicroRabbit.Infra.Bus.csproj", "{B136FE16-4304-4B86-B874-028819ED185B}"
EndProject
Project("{9A19103F-16F7-4668-BE54-9A1E7A4F7556}") = "MicroRabbit.Infra.IOC", "MicroRabbit.Infra.IOC\MicroRabbit.Infra.IOC.csproj", "{03CBA395-2330-40F3-A0EA-8EAFEB2B8B22}"
EndProject
Project("{2150E333-8FDC-42A3-9474-1A3956D46DE8}") = "Banking", "Banking", "{DCC7FAEA-4ED8-4F46-9205-F592F1266133}"
EndProject
Project("{2150E333-8FDC-42A3-9474-1A3956D46DE8}") = "Api", "Api", "{3067A929-8609-45AC-BA16-14D50D2CA9D6}"
EndProject
Project("{2150E333-8FDC-42A3-9474-1A3956D46DE8}") = "Application", "Application", "{5D476A36-CCFC-40F8-A58E-29F08F1F5E2A}"
EndProject
Project("{2150E333-8FDC-42A3-9474-1A3956D46DE8}") = "Data", "Data", "{6D4BB1A7-B3EE-43B4-AEA4-CAC1D2939D0F}"
EndProject
Project("{2150E333-8FDC-42A3-9474-1A3956D46DE8}") = "Domain", "Domain", "{DC3CEBDC-31B3-44D7-B51E-C54316AF77EE}"
EndProject
Project("{9A19103F-16F7-4668-BE54-9A1E7A4F7556}") = "MicroRabbit.Banking.Api", "MicroRabbit.Banking.Api\MicroRabbit.Banking.Api.csproj", "{81FA660F-F68D-4FE5-8DEB-9282DC4B6EFB}"
EndProject
Project("{9A19103F-16F7-4668-BE54-9A1E7A4F7556}") = "MicroRabbit.Banking.Application", "MicroRabbit.Banking.Application\MicroRabbit.Banking.Application.csproj", "{7FB4477D-E23F-4044-926E-27F643718E35}"
EndProject
Project("{9A19103F-16F7-4668-BE54-9A1E7A4F7556}") = "MicroRabbit.Banking.Data", "MicroRabbit.Banking.Data\MicroRabbit.Banking.Data.csproj", "{179BB036-0FBB-4B7E-99B4-378F90A499FA}"
EndProject
Project("{9A19103F-16F7-4668-BE54-9A1E7A4F7556}") = "MicroRabbit.Banking.Domain", "MicroRabbit.Banking.Domain\MicroRabbit.Banking.Domain.csproj", "{767D5CED-881F-4251-941C-66D1C4E27019}"
EndProject
Global
	GlobalSection(SolutionConfigurationPlatforms) = preSolution
		Debug|Any CPU = Debug|Any CPU
		Release|Any CPU = Release|Any CPU
	EndGlobalSection
	GlobalSection(ProjectConfigurationPlatforms) = postSolution
		{4F93FAD1-7DEE-4178-94E9-684E8271563A}.Debug|Any CPU.ActiveCfg = Debug|Any CPU
		{4F93FAD1-7DEE-4178-94E9-684E8271563A}.Debug|Any CPU.Build.0 = Debug|Any CPU
		{4F93FAD1-7DEE-4178-94E9-684E8271563A}.Release|Any CPU.ActiveCfg = Release|Any CPU
		{4F93FAD1-7DEE-4178-94E9-684E8271563A}.Release|Any CPU.Build.0 = Release|Any CPU
		{B136FE16-4304-4B86-B874-028819ED185B}.Debug|Any CPU.ActiveCfg = Debug|Any CPU
		{B136FE16-4304-4B86-B874-028819ED185B}.Debug|Any CPU.Build.0 = Debug|Any CPU
		{B136FE16-4304-4B86-B874-028819ED185B}.Release|Any CPU.ActiveCfg = Release|Any CPU
		{B136FE16-4304-4B86-B874-028819ED185B}.Release|Any CPU.Build.0 = Release|Any CPU
		{03CBA395-2330-40F3-A0EA-8EAFEB2B8B22}.Debug|Any CPU.ActiveCfg = Debug|Any CPU
		{03CBA395-2330-40F3-A0EA-8EAFEB2B8B22}.Debug|Any CPU.Build.0 = Debug|Any CPU
		{03CBA395-2330-40F3-A0EA-8EAFEB2B8B22}.Release|Any CPU.ActiveCfg = Release|Any CPU
		{03CBA395-2330-40F3-A0EA-8EAFEB2B8B22}.Release|Any CPU.Build.0 = Release|Any CPU
		{81FA660F-F68D-4FE5-8DEB-9282DC4B6EFB}.Debug|Any CPU.ActiveCfg = Debug|Any CPU
		{81FA660F-F68D-4FE5-8DEB-9282DC4B6EFB}.Debug|Any CPU.Build.0 = Debug|Any CPU
		{81FA660F-F68D-4FE5-8DEB-9282DC4B6EFB}.Release|Any CPU.ActiveCfg = Release|Any CPU
		{81FA660F-F68D-4FE5-8DEB-9282DC4B6EFB}.Release|Any CPU.Build.0 = Release|Any CPU
		{7FB4477D-E23F-4044-926E-27F643718E35}.Debug|Any CPU.ActiveCfg = Debug|Any CPU
		{7FB4477D-E23F-4044-926E-27F643718E35}.Debug|Any CPU.Build.0 = Debug|Any CPU
		{7FB4477D-E23F-4044-926E-27F643718E35}.Release|Any CPU.ActiveCfg = Release|Any CPU
		{7FB4477D-E23F-4044-926E-27F643718E35}.Release|Any CPU.Build.0 = Release|Any CPU
		{179BB036-0FBB-4B7E-99B4-378F90A499FA}.Debug|Any CPU.ActiveCfg = Debug|Any CPU
		{179BB036-0FBB-4B7E-99B4-378F90A499FA}.Debug|Any CPU.Build.0 = Debug|Any CPU
		{179BB036-0FBB-4B7E-99B4-378F90A499FA}.Release|Any CPU.ActiveCfg = Release|Any CPU
		{179BB036-0FBB-4B7E-99B4-378F90A499FA}.Release|Any CPU.Build.0 = Release|Any CPU
		{767D5CED-881F-4251-941C-66D1C4E27019}.Debug|Any CPU.ActiveCfg = Debug|Any CPU
		{767D5CED-881F-4251-941C-66D1C4E27019}.Debug|Any CPU.Build.0 = Debug|Any CPU
		{767D5CED-881F-4251-941C-66D1C4E27019}.Release|Any CPU.ActiveCfg = Release|Any CPU
		{767D5CED-881F-4251-941C-66D1C4E27019}.Release|Any CPU.Build.0 = Release|Any CPU
	EndGlobalSection
	GlobalSection(SolutionProperties) = preSolution
		HideSolutionNode = FALSE
	EndGlobalSection
	GlobalSection(NestedProjects) = preSolution
		{4F93FAD1-7DEE-4178-94E9-684E8271563A} = {5262DE3A-01B6-4BD9-A552-AA76F48BFAC7}
		{B136FE16-4304-4B86-B874-028819ED185B} = {3E55565F-4594-4C81-9F75-A3F7156A90F9}
		{03CBA395-2330-40F3-A0EA-8EAFEB2B8B22} = {EFC940EB-528F-4EC6-ABEE-263977DF077F}
		{DCC7FAEA-4ED8-4F46-9205-F592F1266133} = {B1FB3B1F-B1C4-4A50-AC0F-E5FBBC5CBE8B}
		{3067A929-8609-45AC-BA16-14D50D2CA9D6} = {DCC7FAEA-4ED8-4F46-9205-F592F1266133}
		{5D476A36-CCFC-40F8-A58E-29F08F1F5E2A} = {DCC7FAEA-4ED8-4F46-9205-F592F1266133}
		{6D4BB1A7-B3EE-43B4-AEA4-CAC1D2939D0F} = {DCC7FAEA-4ED8-4F46-9205-F592F1266133}
		{DC3CEBDC-31B3-44D7-B51E-C54316AF77EE} = {DCC7FAEA-4ED8-4F46-9205-F592F1266133}
		{81FA660F-F68D-4FE5-8DEB-9282DC4B6EFB} = {3067A929-8609-45AC-BA16-14D50D2CA9D6}
		{7FB4477D-E23F-4044-926E-27F643718E35} = {5D476A36-CCFC-40F8-A58E-29F08F1F5E2A}
		{179BB036-0FBB-4B7E-99B4-378F90A499FA} = {6D4BB1A7-B3EE-43B4-AEA4-CAC1D2939D0F}
		{767D5CED-881F-4251-941C-66D1C4E27019} = {DC3CEBDC-31B3-44D7-B51E-C54316AF77EE}
	EndGlobalSection
	GlobalSection(ExtensibilityGlobals) = postSolution
		SolutionGuid = {1555902D-023E-4D42-802C-7FD39AF0222B}
	EndGlobalSection
EndGlobal
