
Microsoft Visual Studio Solution File, Format Version 12.00
# Visual Studio Version 16
VisualStudioVersion = 16.0.32413.511
MinimumVisualStudioVersion = 10.0.40219.1
Project("{2150E333-8FDC-42A3-9474-1A3956D46DE8}") = "MicroServices", "MicroServices", "{B1FB3B1F-B1C4-4A50-AC0F-E5FBBC5CBE8B}"
EndProject
Project("{2150E333-8FDC-42A3-9474-1A3956D46DE8}") = "Domain", "Domain", "{5262DE3A-01B6-4BD9-A552-AA76F48BFAC7}"
EndProject
Project("{2150E333-8FDC-42A3-9474-1A3956D46DE8}") = "Presentation", "Presentation", "{702ED735-2FA0-46E2-B859-14F86537E2E9}"
EndProject
Project("{2150E333-8FDC-42A3-9474-1A3956D46DE8}") = "Infra.Bus", "Infra.Bus", "{3E55565F-4594-4C81-9F75-A3F7156A90F9}"
EndProject
Project("{2150E333-8FDC-42A3-9474-1A3956D46DE8}") = "Infra.IOC", "Infra.IOC", "{EFC940EB-528F-4EC6-ABEE-263977DF077F}"
EndProject
Project("{9A19103F-16F7-4668-BE54-9A1E7A4F7556}") = "MicroService_RabbitMQ.Domain.Core", "MicroService_RabbitMQ.Domain.Core\MicroService_RabbitMQ.Domain.Core.csproj", "{4F93FAD1-7DEE-4178-94E9-684E8271563A}"
EndProject
Project("{FAE04EC0-301F-11D3-BF4B-00C04F79EFBC}") = "MicroRabbit.Infra.Bus", "MicroRabbit.Infra.Bus\MicroRabbit.Infra.Bus.csproj", "{B136FE16-4304-4B86-B874-028819ED185B}"
EndProject
Global
	GlobalSection(SolutionConfigurationPlatforms) = preSolution
		Debug|Any CPU = Debug|Any CPU
		Release|Any CPU = Release|Any CPU
	EndGlobalSection
	GlobalSection(ProjectConfigurationPlatforms) = postSolution
		{4F93FAD1-7DEE-4178-94E9-684E8271563A}.Debug|Any CPU.ActiveCfg = Debug|Any CPU
		{4F93FAD1-7DEE-4178-94E9-684E8271563A}.Debug|Any CPU.Build.0 = Debug|Any CPU
		{4F93FAD1-7DEE-4178-94E9-684E8271563A}.Release|Any CPU.ActiveCfg = Release|Any CPU
		{4F93FAD1-7DEE-4178-94E9-684E8271563A}.Release|Any CPU.Build.0 = Release|Any CPU
		{B136FE16-4304-4B86-B874-028819ED185B}.Debug|Any CPU.ActiveCfg = Debug|Any CPU
		{B136FE16-4304-4B86-B874-028819ED185B}.Debug|Any CPU.Build.0 = Debug|Any CPU
		{B136FE16-4304-4B86-B874-028819ED185B}.Release|Any CPU.ActiveCfg = Release|Any CPU
		{B136FE16-4304-4B86-B874-028819ED185B}.Release|Any CPU.Build.0 = Release|Any CPU
	EndGlobalSection
	GlobalSection(SolutionProperties) = preSolution
		HideSolutionNode = FALSE
	EndGlobalSection
	GlobalSection(NestedProjects) = preSolution
		{4F93FAD1-7DEE-4178-94E9-684E8271563A} = {5262DE3A-01B6-4BD9-A552-AA76F48BFAC7}
		{B136FE16-4304-4B86-B874-028819ED185B} = {3E55565F-4594-4C81-9F75-A3F7156A90F9}
	EndGlobalSection
	GlobalSection(ExtensibilityGlobals) = postSolution
		SolutionGuid = {1555902D-023E-4D42-802C-7FD39AF0222B}
	EndGlobalSection
EndGlobal
